{
  "requires": true,
  "lockfileVersion": 1,
  "dependencies": {
    "@babel/runtime": {
      "version": "7.12.5",
      "resolved": "https://registry.npmjs.org/@babel/runtime/-/runtime-7.12.5.tgz",
      "integrity": "sha512-plcc+hbExy3McchJCEQG3knOsuh3HH+Prx1P6cLIkET/0dLuQDEnrT+s27Axgc9bqfsmNUNHfscgMUdBpC9xfg==",
      "requires": {
        "regenerator-runtime": "^0.13.4"
      }
    },
    "import-html-entry": {
      "version": "1.11.0",
      "resolved": "https://registry.npmjs.org/import-html-entry/-/import-html-entry-1.11.0.tgz",
      "integrity": "sha512-GSnZ68e5ZF0unfRGH3MouN0pzz1y6VVviHyQ/95OSafMPoaLoO5w33BknRbFZ/n4C0hWNkN29Wg5ckLObQsmyA==",
      "requires": {
        "@babel/runtime": "^7.7.2"
      }
    },
    "lodash": {
      "version": "4.17.20",
      "resolved": "https://registry.npmjs.org/lodash/-/lodash-4.17.20.tgz",
      "integrity": "sha512-PlhdFcillOINfeV7Ni6oF1TAEayyZBoZ8bcshTHqOYJYlrqzRK5hagpagky5o4HfCzzd1TRkXPMFq6cKk9rGmA=="
    },
    "qiankun": {
      "version": "2.3.5",
      "resolved": "https://registry.npmjs.org/qiankun/-/qiankun-2.3.5.tgz",
      "integrity": "sha512-1fSXwzvdtUzdRyunLb9dvCsypOsKt2bgJsIPa20Fzy4IDZ67Utg5rIalDBcuTXyIYOw30w1I8yHkxYH9D0uWWg==",
      "requires": {
        "@babel/runtime": "^7.10.5",
        "import-html-entry": "^1.9.0",
        "lodash": "^4.17.11",
        "single-spa": "5.8.1",
        "tslib": "^1.10.0"
      }
    },
    "regenerator-runtime": {
      "version": "0.13.7",
      "resolved": "https://registry.npmjs.org/regenerator-runtime/-/regenerator-runtime-0.13.7.tgz",
      "integrity": "sha512-a54FxoJDIr27pgf7IgeQGxmqUNYrcV338lf/6gH456HZ/PhX+5BcwHXG9ajESmwe6WRO0tAzRUrRmNONWgkrew=="
    },
    "single-spa": {
      "version": "5.8.1",
      "resolved": "https://registry.npmjs.org/single-spa/-/single-spa-5.8.1.tgz",
      "integrity": "sha512-RlyLZ1IDIPdzI6mQPzCQnlgTt9jmbAXBZODmifoDut840wksPDSPhcSS8jXMpuUlqOidQiX2YuLVQSR9DEgsXw=="
    },
    "tslib": {
      "version": "1.14.1",
      "resolved": "https://registry.npmjs.org/tslib/-/tslib-1.14.1.tgz",
      "integrity": "sha512-Xni35NKzjgMrwevysHTCArtLDpPvye8zV/0E4EyYn43P7/7qvQwPh9BGkHewbMulVntbigmcT7rdX3BNo9wRJg=="
    }
  }
}
